
Microsoft Visual Studio Solution File, Format Version 12.00
# Visual Studio Version 17
VisualStudioVersion = 17.5.002.0
MinimumVisualStudioVersion = 10.0.40219.1
Project("{2150E333-8FDC-42A3-9474-1A3956D46DE8}") = "csharp-prep", "csharp-prep", "{2401E6A1-8EB9-4EA0-A3FE-7D9A6589B55E}"
EndProject
Project("{9A19103F-16F7-4668-BE54-9A1E7A4F7556}") = "Prep1", "csharp-prep\Prep1\Prep1.csproj", "{83AB7B34-4EA5-422A-8B6C-7DFF1389F455}"
EndProject
Project("{9A19103F-16F7-4668-BE54-9A1E7A4F7556}") = "Prep2", "csharp-prep\Prep2\Prep2.csproj", "{834C9C06-453F-4089-9F84-0AA3B66CA597}"
EndProject
Project("{9A19103F-16F7-4668-BE54-9A1E7A4F7556}") = "Prep3", "csharp-prep\Prep3\Prep3.csproj", "{F5B12DA3-A94B-481B-A651-D2C911CA92BE}"
EndProject
Project("{9A19103F-16F7-4668-BE54-9A1E7A4F7556}") = "Prep4", "csharp-prep\Prep4\Prep4.csproj", "{08E97AEC-6E07-4F8A-B3F7-A810F12DAA15}"
EndProject
Project("{9A19103F-16F7-4668-BE54-9A1E7A4F7556}") = "Prep5", "csharp-prep\Prep5\Prep5.csproj", "{C206B61B-5670-4228-96D8-A933E6E9C5BD}"
EndProject
Project("{2150E333-8FDC-42A3-9474-1A3956D46DE8}") = "final", "final", "{6B690576-5F3D-4E73-9E1D-7820AB338E6E}"
EndProject
Project("{9A19103F-16F7-4668-BE54-9A1E7A4F7556}") = "FinalProject", "final\FinalProject\FinalProject.csproj", "{7E41D2A5-6BDF-4D53-B919-80EE504CC4B3}"
EndProject
Project("{9A19103F-16F7-4668-BE54-9A1E7A4F7556}") = "Foundation1", "final\Foundation1\Foundation1.csproj", "{B14059E0-C05E-4A02-9A58-5994F96EB04C}"
EndProject
Project("{9A19103F-16F7-4668-BE54-9A1E7A4F7556}") = "Foundation2", "final\Foundation2\Foundation2.csproj", "{D23D0CAC-A35F-4A86-8FF8-49C9CC3477D3}"
EndProject
Project("{9A19103F-16F7-4668-BE54-9A1E7A4F7556}") = "Foundation3", "final\Foundation3\Foundation3.csproj", "{3B9D98B9-AD63-4DB2-96B1-8484453CE2C3}"
EndProject
Project("{9A19103F-16F7-4668-BE54-9A1E7A4F7556}") = "Foundation4", "final\Foundation4\Foundation4.csproj", "{02A4D72C-651A-425A-BFB4-D8A931CDF7E6}"
EndProject
Project("{2150E333-8FDC-42A3-9474-1A3956D46DE8}") = "prepare", "prepare", "{62946B7C-3685-4FA8-913C-AFEF0892E0FE}"
EndProject
Project("{9A19103F-16F7-4668-BE54-9A1E7A4F7556}") = "Learning02", "prepare\Learning02\Learning02.csproj", "{945BC488-DA68-4866-88C0-7C8BDB14A49C}"
EndProject
Project("{9A19103F-16F7-4668-BE54-9A1E7A4F7556}") = "Learning03", "prepare\Learning03\Learning03.csproj", "{B8ED0CFC-752F-40F8-A527-D0B9BEEF04DC}"
EndProject
Project("{9A19103F-16F7-4668-BE54-9A1E7A4F7556}") = "Learning04", "prepare\Learning04\Learning04.csproj", "{D189FE37-0B21-4971-A88D-6CEE00CD72EA}"
EndProject
Project("{9A19103F-16F7-4668-BE54-9A1E7A4F7556}") = "Learning05", "prepare\Learning05\Learning05.csproj", "{F17CC49F-0782-4929-AA7A-98834C42D926}"
EndProject
Project("{2150E333-8FDC-42A3-9474-1A3956D46DE8}") = "prove", "prove", "{98FAF420-6F6E-42DB-AFCD-E61FB71E2F0D}"
EndProject
Project("{9A19103F-16F7-4668-BE54-9A1E7A4F7556}") = "Develop02", "prove\Develop02\Develop02.csproj", "{65680055-3611-45C7-8A66-79785C083CAA}"
EndProject
Project("{9A19103F-16F7-4668-BE54-9A1E7A4F7556}") = "Develop03", "prove\Develop03\Develop03.csproj", "{35523F5C-16D3-4362-B0B7-BDC68BC2D0A8}"
EndProject
Project("{9A19103F-16F7-4668-BE54-9A1E7A4F7556}") = "Develop04", "prove\Develop04\Develop04.csproj", "{FF94CB87-0F9D-4EB8-94C3-97A69C466844}"
EndProject
Project("{9A19103F-16F7-4668-BE54-9A1E7A4F7556}") = "Develop05", "prove\Develop05\Develop05.csproj", "{7CC82275-F74F-4868-BBEB-EFE4618FEAE8}"
EndProject
Project("{2150E333-8FDC-42A3-9474-1A3956D46DE8}") = "sandbox", "sandbox", "{9BAB5AFF-33CD-492B-8BA5-E4D3502B8C49}"
EndProject
Project("{9A19103F-16F7-4668-BE54-9A1E7A4F7556}") = "Sandbox", "sandbox\Sandbox\Sandbox.csproj", "{39D14DB6-D199-4357-9D12-620AA6417359}"
EndProject
Global
	GlobalSection(SolutionConfigurationPlatforms) = preSolution
		Debug|Any CPU = Debug|Any CPU
		Release|Any CPU = Release|Any CPU
	EndGlobalSection
	GlobalSection(ProjectConfigurationPlatforms) = postSolution
		{83AB7B34-4EA5-422A-8B6C-7DFF1389F455}.Debug|Any CPU.ActiveCfg = Debug|Any CPU
		{83AB7B34-4EA5-422A-8B6C-7DFF1389F455}.Debug|Any CPU.Build.0 = Debug|Any CPU
		{83AB7B34-4EA5-422A-8B6C-7DFF1389F455}.Release|Any CPU.ActiveCfg = Release|Any CPU
		{83AB7B34-4EA5-422A-8B6C-7DFF1389F455}.Release|Any CPU.Build.0 = Release|Any CPU
		{834C9C06-453F-4089-9F84-0AA3B66CA597}.Debug|Any CPU.ActiveCfg = Debug|Any CPU
		{834C9C06-453F-4089-9F84-0AA3B66CA597}.Debug|Any CPU.Build.0 = Debug|Any CPU
		{834C9C06-453F-4089-9F84-0AA3B66CA597}.Release|Any CPU.ActiveCfg = Release|Any CPU
		{834C9C06-453F-4089-9F84-0AA3B66CA597}.Release|Any CPU.Build.0 = Release|Any CPU
		{F5B12DA3-A94B-481B-A651-D2C911CA92BE}.Debug|Any CPU.ActiveCfg = Debug|Any CPU
		{F5B12DA3-A94B-481B-A651-D2C911CA92BE}.Debug|Any CPU.Build.0 = Debug|Any CPU
		{F5B12DA3-A94B-481B-A651-D2C911CA92BE}.Release|Any CPU.ActiveCfg = Release|Any CPU
		{F5B12DA3-A94B-481B-A651-D2C911CA92BE}.Release|Any CPU.Build.0 = Release|Any CPU
		{08E97AEC-6E07-4F8A-B3F7-A810F12DAA15}.Debug|Any CPU.ActiveCfg = Debug|Any CPU
		{08E97AEC-6E07-4F8A-B3F7-A810F12DAA15}.Debug|Any CPU.Build.0 = Debug|Any CPU
		{08E97AEC-6E07-4F8A-B3F7-A810F12DAA15}.Release|Any CPU.ActiveCfg = Release|Any CPU
		{08E97AEC-6E07-4F8A-B3F7-A810F12DAA15}.Release|Any CPU.Build.0 = Release|Any CPU
		{C206B61B-5670-4228-96D8-A933E6E9C5BD}.Debug|Any CPU.ActiveCfg = Debug|Any CPU
		{C206B61B-5670-4228-96D8-A933E6E9C5BD}.Debug|Any CPU.Build.0 = Debug|Any CPU
		{C206B61B-5670-4228-96D8-A933E6E9C5BD}.Release|Any CPU.ActiveCfg = Release|Any CPU
		{C206B61B-5670-4228-96D8-A933E6E9C5BD}.Release|Any CPU.Build.0 = Release|Any CPU
		{7E41D2A5-6BDF-4D53-B919-80EE504CC4B3}.Debug|Any CPU.ActiveCfg = Debug|Any CPU
		{7E41D2A5-6BDF-4D53-B919-80EE504CC4B3}.Debug|Any CPU.Build.0 = Debug|Any CPU
		{7E41D2A5-6BDF-4D53-B919-80EE504CC4B3}.Release|Any CPU.ActiveCfg = Release|Any CPU
		{7E41D2A5-6BDF-4D53-B919-80EE504CC4B3}.Release|Any CPU.Build.0 = Release|Any CPU
		{B14059E0-C05E-4A02-9A58-5994F96EB04C}.Debug|Any CPU.ActiveCfg = Debug|Any CPU
		{B14059E0-C05E-4A02-9A58-5994F96EB04C}.Debug|Any CPU.Build.0 = Debug|Any CPU
		{B14059E0-C05E-4A02-9A58-5994F96EB04C}.Release|Any CPU.ActiveCfg = Release|Any CPU
		{B14059E0-C05E-4A02-9A58-5994F96EB04C}.Release|Any CPU.Build.0 = Release|Any CPU
		{D23D0CAC-A35F-4A86-8FF8-49C9CC3477D3}.Debug|Any CPU.ActiveCfg = Debug|Any CPU
		{D23D0CAC-A35F-4A86-8FF8-49C9CC3477D3}.Debug|Any CPU.Build.0 = Debug|Any CPU
		{D23D0CAC-A35F-4A86-8FF8-49C9CC3477D3}.Release|Any CPU.ActiveCfg = Release|Any CPU
		{D23D0CAC-A35F-4A86-8FF8-49C9CC3477D3}.Release|Any CPU.Build.0 = Release|Any CPU
		{3B9D98B9-AD63-4DB2-96B1-8484453CE2C3}.Debug|Any CPU.ActiveCfg = Debug|Any CPU
		{3B9D98B9-AD63-4DB2-96B1-8484453CE2C3}.Debug|Any CPU.Build.0 = Debug|Any CPU
		{3B9D98B9-AD63-4DB2-96B1-8484453CE2C3}.Release|Any CPU.ActiveCfg = Release|Any CPU
		{3B9D98B9-AD63-4DB2-96B1-8484453CE2C3}.Release|Any CPU.Build.0 = Release|Any CPU
		{02A4D72C-651A-425A-BFB4-D8A931CDF7E6}.Debug|Any CPU.ActiveCfg = Debug|Any CPU
		{02A4D72C-651A-425A-BFB4-D8A931CDF7E6}.Debug|Any CPU.Build.0 = Debug|Any CPU
		{02A4D72C-651A-425A-BFB4-D8A931CDF7E6}.Release|Any CPU.ActiveCfg = Release|Any CPU
		{02A4D72C-651A-425A-BFB4-D8A931CDF7E6}.Release|Any CPU.Build.0 = Release|Any CPU
		{945BC488-DA68-4866-88C0-7C8BDB14A49C}.Debug|Any CPU.ActiveCfg = Debug|Any CPU
		{945BC488-DA68-4866-88C0-7C8BDB14A49C}.Debug|Any CPU.Build.0 = Debug|Any CPU
		{945BC488-DA68-4866-88C0-7C8BDB14A49C}.Release|Any CPU.ActiveCfg = Release|Any CPU
		{945BC488-DA68-4866-88C0-7C8BDB14A49C}.Release|Any CPU.Build.0 = Release|Any CPU
		{B8ED0CFC-752F-40F8-A527-D0B9BEEF04DC}.Debug|Any CPU.ActiveCfg = Debug|Any CPU
		{B8ED0CFC-752F-40F8-A527-D0B9BEEF04DC}.Debug|Any CPU.Build.0 = Debug|Any CPU
		{B8ED0CFC-752F-40F8-A527-D0B9BEEF04DC}.Release|Any CPU.ActiveCfg = Release|Any CPU
		{B8ED0CFC-752F-40F8-A527-D0B9BEEF04DC}.Release|Any CPU.Build.0 = Release|Any CPU
		{D189FE37-0B21-4971-A88D-6CEE00CD72EA}.Debug|Any CPU.ActiveCfg = Debug|Any CPU
		{D189FE37-0B21-4971-A88D-6CEE00CD72EA}.Debug|Any CPU.Build.0 = Debug|Any CPU
		{D189FE37-0B21-4971-A88D-6CEE00CD72EA}.Release|Any CPU.ActiveCfg = Release|Any CPU
		{D189FE37-0B21-4971-A88D-6CEE00CD72EA}.Release|Any CPU.Build.0 = Release|Any CPU
		{F17CC49F-0782-4929-AA7A-98834C42D926}.Debug|Any CPU.ActiveCfg = Debug|Any CPU
		{F17CC49F-0782-4929-AA7A-98834C42D926}.Debug|Any CPU.Build.0 = Debug|Any CPU
		{F17CC49F-0782-4929-AA7A-98834C42D926}.Release|Any CPU.ActiveCfg = Release|Any CPU
		{F17CC49F-0782-4929-AA7A-98834C42D926}.Release|Any CPU.Build.0 = Release|Any CPU
		{65680055-3611-45C7-8A66-79785C083CAA}.Debug|Any CPU.ActiveCfg = Debug|Any CPU
		{65680055-3611-45C7-8A66-79785C083CAA}.Debug|Any CPU.Build.0 = Debug|Any CPU
		{65680055-3611-45C7-8A66-79785C083CAA}.Release|Any CPU.ActiveCfg = Release|Any CPU
		{65680055-3611-45C7-8A66-79785C083CAA}.Release|Any CPU.Build.0 = Release|Any CPU
		{35523F5C-16D3-4362-B0B7-BDC68BC2D0A8}.Debug|Any CPU.ActiveCfg = Debug|Any CPU
		{35523F5C-16D3-4362-B0B7-BDC68BC2D0A8}.Debug|Any CPU.Build.0 = Debug|Any CPU
		{35523F5C-16D3-4362-B0B7-BDC68BC2D0A8}.Release|Any CPU.ActiveCfg = Release|Any CPU
		{35523F5C-16D3-4362-B0B7-BDC68BC2D0A8}.Release|Any CPU.Build.0 = Release|Any CPU
		{FF94CB87-0F9D-4EB8-94C3-97A69C466844}.Debug|Any CPU.ActiveCfg = Debug|Any CPU
		{FF94CB87-0F9D-4EB8-94C3-97A69C466844}.Debug|Any CPU.Build.0 = Debug|Any CPU
		{FF94CB87-0F9D-4EB8-94C3-97A69C466844}.Release|Any CPU.ActiveCfg = Release|Any CPU
		{FF94CB87-0F9D-4EB8-94C3-97A69C466844}.Release|Any CPU.Build.0 = Release|Any CPU
		{7CC82275-F74F-4868-BBEB-EFE4618FEAE8}.Debug|Any CPU.ActiveCfg = Debug|Any CPU
		{7CC82275-F74F-4868-BBEB-EFE4618FEAE8}.Debug|Any CPU.Build.0 = Debug|Any CPU
		{7CC82275-F74F-4868-BBEB-EFE4618FEAE8}.Release|Any CPU.ActiveCfg = Release|Any CPU
		{7CC82275-F74F-4868-BBEB-EFE4618FEAE8}.Release|Any CPU.Build.0 = Release|Any CPU
		{39D14DB6-D199-4357-9D12-620AA6417359}.Debug|Any CPU.ActiveCfg = Debug|Any CPU
		{39D14DB6-D199-4357-9D12-620AA6417359}.Debug|Any CPU.Build.0 = Debug|Any CPU
		{39D14DB6-D199-4357-9D12-620AA6417359}.Release|Any CPU.ActiveCfg = Release|Any CPU
		{39D14DB6-D199-4357-9D12-620AA6417359}.Release|Any CPU.Build.0 = Release|Any CPU
	EndGlobalSection
	GlobalSection(SolutionProperties) = preSolution
		HideSolutionNode = FALSE
	EndGlobalSection
	GlobalSection(NestedProjects) = preSolution
		{83AB7B34-4EA5-422A-8B6C-7DFF1389F455} = {2401E6A1-8EB9-4EA0-A3FE-7D9A6589B55E}
		{834C9C06-453F-4089-9F84-0AA3B66CA597} = {2401E6A1-8EB9-4EA0-A3FE-7D9A6589B55E}
		{F5B12DA3-A94B-481B-A651-D2C911CA92BE} = {2401E6A1-8EB9-4EA0-A3FE-7D9A6589B55E}
		{08E97AEC-6E07-4F8A-B3F7-A810F12DAA15} = {2401E6A1-8EB9-4EA0-A3FE-7D9A6589B55E}
		{C206B61B-5670-4228-96D8-A933E6E9C5BD} = {2401E6A1-8EB9-4EA0-A3FE-7D9A6589B55E}
		{7E41D2A5-6BDF-4D53-B919-80EE504CC4B3} = {6B690576-5F3D-4E73-9E1D-7820AB338E6E}
		{B14059E0-C05E-4A02-9A58-5994F96EB04C} = {6B690576-5F3D-4E73-9E1D-7820AB338E6E}
		{D23D0CAC-A35F-4A86-8FF8-49C9CC3477D3} = {6B690576-5F3D-4E73-9E1D-7820AB338E6E}
		{3B9D98B9-AD63-4DB2-96B1-8484453CE2C3} = {6B690576-5F3D-4E73-9E1D-7820AB338E6E}
		{02A4D72C-651A-425A-BFB4-D8A931CDF7E6} = {6B690576-5F3D-4E73-9E1D-7820AB338E6E}
		{945BC488-DA68-4866-88C0-7C8BDB14A49C} = {62946B7C-3685-4FA8-913C-AFEF0892E0FE}
		{B8ED0CFC-752F-40F8-A527-D0B9BEEF04DC} = {62946B7C-3685-4FA8-913C-AFEF0892E0FE}
		{D189FE37-0B21-4971-A88D-6CEE00CD72EA} = {62946B7C-3685-4FA8-913C-AFEF0892E0FE}
		{F17CC49F-0782-4929-AA7A-98834C42D926} = {62946B7C-3685-4FA8-913C-AFEF0892E0FE}
		{65680055-3611-45C7-8A66-79785C083CAA} = {98FAF420-6F6E-42DB-AFCD-E61FB71E2F0D}
		{35523F5C-16D3-4362-B0B7-BDC68BC2D0A8} = {98FAF420-6F6E-42DB-AFCD-E61FB71E2F0D}
		{FF94CB87-0F9D-4EB8-94C3-97A69C466844} = {98FAF420-6F6E-42DB-AFCD-E61FB71E2F0D}
		{7CC82275-F74F-4868-BBEB-EFE4618FEAE8} = {98FAF420-6F6E-42DB-AFCD-E61FB71E2F0D}
		{39D14DB6-D199-4357-9D12-620AA6417359} = {9BAB5AFF-33CD-492B-8BA5-E4D3502B8C49}
	EndGlobalSection
	GlobalSection(ExtensibilityGlobals) = postSolution
		SolutionGuid = {02723D64-5207-4B99-A6E8-DBA8CCB20347}
	EndGlobalSection
EndGlobal
